
Microsoft Visual Studio Solution File, Format Version 12.00
# Visual Studio Version 17
VisualStudioVersion = 17.8.34330.188
MinimumVisualStudioVersion = 10.0.40219.1
Project("{9A19103F-16F7-4668-BE54-9A1E7A4F7556}") = "BankLoginAndDashboardPage", "BankLoginAndDashboardPage\BankLoginAndDashboardPage.csproj", "{361D93CB-F7A6-47EE-BAA1-E8B74C65C1D2}"
EndProject
Global
	GlobalSection(SolutionConfigurationPlatforms) = preSolution
		Debug|Any CPU = Debug|Any CPU
		Release|Any CPU = Release|Any CPU
	EndGlobalSection
	GlobalSection(ProjectConfigurationPlatforms) = postSolution
		{361D93CB-F7A6-47EE-BAA1-E8B74C65C1D2}.Debug|Any CPU.ActiveCfg = Debug|Any CPU
		{361D93CB-F7A6-47EE-BAA1-E8B74C65C1D2}.Debug|Any CPU.Build.0 = Debug|Any CPU
		{361D93CB-F7A6-47EE-BAA1-E8B74C65C1D2}.Release|Any CPU.ActiveCfg = Release|Any CPU
		{361D93CB-F7A6-47EE-BAA1-E8B74C65C1D2}.Release|Any CPU.Build.0 = Release|Any CPU
	EndGlobalSection
	GlobalSection(SolutionProperties) = preSolution
		HideSolutionNode = FALSE
	EndGlobalSection
	GlobalSection(ExtensibilityGlobals) = postSolution
		SolutionGuid = {2779DC1B-AB6C-474A-9767-9750B88C2187}
	EndGlobalSection
EndGlobal
